<?xml version="1.0" encoding="UTF-8"?>
<Scheme
   version = "1.3">
   <BuildAction>
      <BuildActionEntries>
         <BuildActionEntry
            buildForRunning = "YES">
            <BuildableReference
               BuildableIdentifier = "primary"
               BlueprintIdentifier = "9EE1B85728DF9F4100CD633B"
               BuildableName = "CRUD_JSON.app"
               BlueprintName = "CRUD_JSON"
               ReferencedContainer = "container:CRUD_JSON.xcodeproj">
            </BuildableReference>
         </BuildActionEntry>
      </BuildActionEntries>
   </BuildAction>
   <LaunchAction
      useCustomWorkingDirectory = "NO"
      buildConfiguration = "Debug"
      allowLocationSimulation = "YES">
      <BuildableProductRunnable>
         <BuildableReference
            BuildableIdentifier = "primary"
            BlueprintIdentifier = "9EE1B85728DF9F4100CD633B"
            BuildableName = "CRUD_JSON.app"
            BlueprintName = "CRUD_JSON"
            ReferencedContainer = "container:CRUD_JSON.xcodeproj">
         </BuildableReference>
      </BuildableProductRunnable>
   </LaunchAction>
</Scheme>
